
Microsoft Visual Studio Solution File, Format Version 12.00
# Visual Studio 2012
Project("{FAE04EC0-301F-11D3-BF4B-00C04F79EFBC}") = "Lecture02", "Lecture02\Lecture02.csproj", "{1D026374-F0CE-4488-90CE-E69E86BAF62B}"
EndProject
Project("{FAE04EC0-301F-11D3-BF4B-00C04F79EFBC}") = "Lecture01", "Lecture01\Lecture01.csproj", "{81E06B4F-4CEB-41F9-9563-DB911145FDAC}"
EndProject
Global
	GlobalSection(SolutionConfigurationPlatforms) = preSolution
		Debug|Any CPU = Debug|Any CPU
		Release|Any CPU = Release|Any CPU
	EndGlobalSection
	GlobalSection(ProjectConfigurationPlatforms) = postSolution
		{1D026374-F0CE-4488-90CE-E69E86BAF62B}.Debug|Any CPU.ActiveCfg = Debug|Any CPU
		{1D026374-F0CE-4488-90CE-E69E86BAF62B}.Debug|Any CPU.Build.0 = Debug|Any CPU
		{1D026374-F0CE-4488-90CE-E69E86BAF62B}.Release|Any CPU.ActiveCfg = Release|Any CPU
		{1D026374-F0CE-4488-90CE-E69E86BAF62B}.Release|Any CPU.Build.0 = Release|Any CPU
		{81E06B4F-4CEB-41F9-9563-DB911145FDAC}.Debug|Any CPU.ActiveCfg = Debug|Any CPU
		{81E06B4F-4CEB-41F9-9563-DB911145FDAC}.Debug|Any CPU.Build.0 = Debug|Any CPU
		{81E06B4F-4CEB-41F9-9563-DB911145FDAC}.Release|Any CPU.ActiveCfg = Release|Any CPU
		{81E06B4F-4CEB-41F9-9563-DB911145FDAC}.Release|Any CPU.Build.0 = Release|Any CPU
	EndGlobalSection
	GlobalSection(SolutionProperties) = preSolution
		HideSolutionNode = FALSE
	EndGlobalSection
EndGlobal
