
Microsoft Visual Studio Solution File, Format Version 12.00
# Visual Studio 2012
Project("{FAE04EC0-301F-11D3-BF4B-00C04F79EFBC}") = "Lecture01 - Перебор", "Lecture01\Lecture01 - Перебор.csproj", "{EF849ED6-F8A9-4E85-9A05-D62473ADED7B}"
EndProject
Project("{FAE04EC0-301F-11D3-BF4B-00C04F79EFBC}") = "Lecture02 - Стэки", "Lecture02\Lecture02 - Стэки.csproj", "{AA1B9EF0-AB72-483F-B773-96939AA1BFCF}"
EndProject
Project("{FAE04EC0-301F-11D3-BF4B-00C04F79EFBC}") = "Other", "Other\Other.csproj", "{69CF7589-58A4-45C4-9458-468FEC90C5B5}"
EndProject
Project("{FAE04EC0-301F-11D3-BF4B-00C04F79EFBC}") = "Lecture03", "Lecture03\Lecture03.csproj", "{641ED2CA-5EBC-43F6-8D07-537C885D106F}"
EndProject
Global
	GlobalSection(SolutionConfigurationPlatforms) = preSolution
		Debug|Any CPU = Debug|Any CPU
		Release|Any CPU = Release|Any CPU
	EndGlobalSection
	GlobalSection(ProjectConfigurationPlatforms) = postSolution
		{EF849ED6-F8A9-4E85-9A05-D62473ADED7B}.Debug|Any CPU.ActiveCfg = Debug|Any CPU
		{EF849ED6-F8A9-4E85-9A05-D62473ADED7B}.Debug|Any CPU.Build.0 = Debug|Any CPU
		{EF849ED6-F8A9-4E85-9A05-D62473ADED7B}.Release|Any CPU.ActiveCfg = Release|Any CPU
		{EF849ED6-F8A9-4E85-9A05-D62473ADED7B}.Release|Any CPU.Build.0 = Release|Any CPU
		{AA1B9EF0-AB72-483F-B773-96939AA1BFCF}.Debug|Any CPU.ActiveCfg = Debug|Any CPU
		{AA1B9EF0-AB72-483F-B773-96939AA1BFCF}.Debug|Any CPU.Build.0 = Debug|Any CPU
		{AA1B9EF0-AB72-483F-B773-96939AA1BFCF}.Release|Any CPU.ActiveCfg = Release|Any CPU
		{AA1B9EF0-AB72-483F-B773-96939AA1BFCF}.Release|Any CPU.Build.0 = Release|Any CPU
		{69CF7589-58A4-45C4-9458-468FEC90C5B5}.Debug|Any CPU.ActiveCfg = Debug|Any CPU
		{69CF7589-58A4-45C4-9458-468FEC90C5B5}.Debug|Any CPU.Build.0 = Debug|Any CPU
		{69CF7589-58A4-45C4-9458-468FEC90C5B5}.Release|Any CPU.ActiveCfg = Release|Any CPU
		{69CF7589-58A4-45C4-9458-468FEC90C5B5}.Release|Any CPU.Build.0 = Release|Any CPU
		{641ED2CA-5EBC-43F6-8D07-537C885D106F}.Debug|Any CPU.ActiveCfg = Debug|Any CPU
		{641ED2CA-5EBC-43F6-8D07-537C885D106F}.Debug|Any CPU.Build.0 = Debug|Any CPU
		{641ED2CA-5EBC-43F6-8D07-537C885D106F}.Release|Any CPU.ActiveCfg = Release|Any CPU
		{641ED2CA-5EBC-43F6-8D07-537C885D106F}.Release|Any CPU.Build.0 = Release|Any CPU
	EndGlobalSection
	GlobalSection(SolutionProperties) = preSolution
		HideSolutionNode = FALSE
	EndGlobalSection
EndGlobal
